
Microsoft Visual Studio Solution File, Format Version 12.00
# Visual Studio Version 17
VisualStudioVersion = 17.9.34902.65
MinimumVisualStudioVersion = 10.0.40219.1
Project("{FAE04EC0-301F-11D3-BF4B-00C04F79EFBC}") = "holdtimeanalyzer", "holdtimeanalyzer\holdtimeanalyzer.csproj", "{A653C518-FB10-4A8B-BD5F-B31DA7B7A1D4}"
EndProject
Global
	GlobalSection(SolutionConfigurationPlatforms) = preSolution
		Debug|Any CPU = Debug|Any CPU
		Release|Any CPU = Release|Any CPU
	EndGlobalSection
	GlobalSection(ProjectConfigurationPlatforms) = postSolution
		{A653C518-FB10-4A8B-BD5F-B31DA7B7A1D4}.Debug|Any CPU.ActiveCfg = Debug|Any CPU
		{A653C518-FB10-4A8B-BD5F-B31DA7B7A1D4}.Debug|Any CPU.Build.0 = Debug|Any CPU
		{A653C518-FB10-4A8B-BD5F-B31DA7B7A1D4}.Release|Any CPU.ActiveCfg = Release|Any CPU
		{A653C518-FB10-4A8B-BD5F-B31DA7B7A1D4}.Release|Any CPU.Build.0 = Release|Any CPU
	EndGlobalSection
	GlobalSection(SolutionProperties) = preSolution
		HideSolutionNode = FALSE
	EndGlobalSection
	GlobalSection(ExtensibilityGlobals) = postSolution
		SolutionGuid = {C97A064B-016F-4AEA-8E9B-C63C36C9C1C2}
	EndGlobalSection
EndGlobal
